<?xml version="1.0" encoding="utf-8"?>
<Project ToolsVersion="4.0" xmlns="http://schemas.microsoft.com/developer/msbuild/2003">
  <ItemGroup>
    <Filter Include="Source Files">
      <UniqueIdentifier>{4FC737F1-C7A5-4376-A066-2A32D752A2FF}</UniqueIdentifier>
      <Extensions>cpp;c;cc;cxx;def;odl;idl;hpj;bat;asm;asmx</Extensions>
    </Filter>
    <Filter Include="Header Files">
      <UniqueIdentifier>{93995380-89BD-4b04-88EB-625FBE52EBFB}</UniqueIdentifier>
      <Extensions>h;hh;hpp;hxx;hm;inl;inc;xsd</Extensions>
    </Filter>
    <Filter Include="Source Files\network">
      <UniqueIdentifier>{916a1400-af49-4141-912a-eb51ee88e24a}</UniqueIdentifier>
    </Filter>
    <Filter Include="Header Files\network">
      <UniqueIdentifier>{364613af-689a-40ff-9eb0-9ed75ec264d0}</UniqueIdentifier>
    </Filter>
    <Filter Include="Header Files\edac">
      <UniqueIdentifier>{cf353bb3-7f93-4b59-98fa-c8c2db8a1afb}</UniqueIdentifier>
    </Filter>
    <Filter Include="Source Files\edac">
      <UniqueIdentifier>{b8c3589b-0d9a-4adf-a14e-45530240b9cb}</UniqueIdentifier>
    </Filter>
  </ItemGroup>
  <ItemGroup>
    <ClInclude Include="RemoteCommand.h">
      <Filter>Header Files</Filter>
    </ClInclude>
    <ClInclude Include="..\edac\SHA256.h">
      <Filter>Header Files\edac</Filter>
    </ClInclude>
    <ClInclude Include="..\network\UDPSocket.h">
      <Filter>Header Files\network</Filter>
    </ClInclude>
    <ClInclude Include="..\Defines.h">
      <Filter>Header Files</Filter>
    </ClInclude>
    <ClInclude Include="..\Log.h">
      <Filter>Header Files</Filter>
    </ClInclude>
  </ItemGroup>
  <ItemGroup>
    <ClCompile Include="RemoteCommand.cpp">
      <Filter>Source Files</Filter>
    </ClCompile>
    <ClCompile Include="..\edac\SHA256.cpp">
      <Filter>Source Files\edac</Filter>
    </ClCompile>
    <ClCompile Include="..\network\UDPSocket.cpp">
      <Filter>Source Files\network</Filter>
    </ClCompile>
    <ClCompile Include="..\Log.cpp">
      <Filter>Source Files</Filter>
    </ClCompile>
  </ItemGroup>
</Project>